
Microsoft Visual Studio Solution File, Format Version 12.00
# Visual Studio Version 16
VisualStudioVersion = 16.0.36324.18
MinimumVisualStudioVersion = 10.0.40219.1
Project("{FAE04EC0-301F-11D3-BF4B-00C04F79EFBC}") = "ejecucion", "ejecucion\ejecucion.csproj", "{D30821B6-CC46-4F40-B04E-AF308F9E447E}"
EndProject
Global
	GlobalSection(SolutionConfigurationPlatforms) = preSolution
		Debug|Any CPU = Debug|Any CPU
		Release|Any CPU = Release|Any CPU
	EndGlobalSection
	GlobalSection(ProjectConfigurationPlatforms) = postSolution
		{D30821B6-CC46-4F40-B04E-AF308F9E447E}.Debug|Any CPU.ActiveCfg = Debug|Any CPU
		{D30821B6-CC46-4F40-B04E-AF308F9E447E}.Debug|Any CPU.Build.0 = Debug|Any CPU
		{D30821B6-CC46-4F40-B04E-AF308F9E447E}.Release|Any CPU.ActiveCfg = Release|Any CPU
		{D30821B6-CC46-4F40-B04E-AF308F9E447E}.Release|Any CPU.Build.0 = Release|Any CPU
	EndGlobalSection
	GlobalSection(SolutionProperties) = preSolution
		HideSolutionNode = FALSE
	EndGlobalSection
	GlobalSection(ExtensibilityGlobals) = postSolution
		SolutionGuid = {3ABA3286-40E3-4458-9B13-886C3ED419FD}
	EndGlobalSection
EndGlobal
