
Microsoft Visual Studio Solution File, Format Version 12.00
# Visual Studio Version 16
VisualStudioVersion = 16.0.36324.18
MinimumVisualStudioVersion = 10.0.40219.1
Project("{FAE04EC0-301F-11D3-BF4B-00C04F79EFBC}") = "CapaVista", "CapaVista\CapaVista.csproj", "{19649E2D-8D8E-4891-A668-E7AA70A979BF}"
EndProject
Project("{FAE04EC0-301F-11D3-BF4B-00C04F79EFBC}") = "CapaControlador", "CapaControlador\CapaControlador.csproj", "{7BBF4761-1F9D-4DEF-A54A-F5E439B7E9D0}"
EndProject
Project("{FAE04EC0-301F-11D3-BF4B-00C04F79EFBC}") = "CapaModelo", "CapaModelo\CapaModelo.csproj", "{265C93ED-5DD5-4F5A-96E5-A31B80A3C40A}"
EndProject
Global
	GlobalSection(SolutionConfigurationPlatforms) = preSolution
		Debug|Any CPU = Debug|Any CPU
		Release|Any CPU = Release|Any CPU
	EndGlobalSection
	GlobalSection(ProjectConfigurationPlatforms) = postSolution
		{19649E2D-8D8E-4891-A668-E7AA70A979BF}.Debug|Any CPU.ActiveCfg = Debug|Any CPU
		{19649E2D-8D8E-4891-A668-E7AA70A979BF}.Debug|Any CPU.Build.0 = Debug|Any CPU
		{19649E2D-8D8E-4891-A668-E7AA70A979BF}.Release|Any CPU.ActiveCfg = Release|Any CPU
		{19649E2D-8D8E-4891-A668-E7AA70A979BF}.Release|Any CPU.Build.0 = Release|Any CPU
		{7BBF4761-1F9D-4DEF-A54A-F5E439B7E9D0}.Debug|Any CPU.ActiveCfg = Debug|Any CPU
		{7BBF4761-1F9D-4DEF-A54A-F5E439B7E9D0}.Debug|Any CPU.Build.0 = Debug|Any CPU
		{7BBF4761-1F9D-4DEF-A54A-F5E439B7E9D0}.Release|Any CPU.ActiveCfg = Release|Any CPU
		{7BBF4761-1F9D-4DEF-A54A-F5E439B7E9D0}.Release|Any CPU.Build.0 = Release|Any CPU
		{265C93ED-5DD5-4F5A-96E5-A31B80A3C40A}.Debug|Any CPU.ActiveCfg = Debug|Any CPU
		{265C93ED-5DD5-4F5A-96E5-A31B80A3C40A}.Debug|Any CPU.Build.0 = Debug|Any CPU
		{265C93ED-5DD5-4F5A-96E5-A31B80A3C40A}.Release|Any CPU.ActiveCfg = Release|Any CPU
		{265C93ED-5DD5-4F5A-96E5-A31B80A3C40A}.Release|Any CPU.Build.0 = Release|Any CPU
	EndGlobalSection
	GlobalSection(SolutionProperties) = preSolution
		HideSolutionNode = FALSE
	EndGlobalSection
	GlobalSection(ExtensibilityGlobals) = postSolution
		SolutionGuid = {CC6482FC-DD98-489F-83C3-D0DF0362E972}
	EndGlobalSection
EndGlobal
